
Microsoft Visual Studio Solution File, Format Version 12.00
# Visual Studio Version 16
VisualStudioVersion = 25.0.1703.0
MinimumVisualStudioVersion = 10.0.40219.1
Project("{FAE04EC0-301F-11D3-BF4B-00C04F79EFBC}") = "ROASApp.Domain", "ROASApp.Domain.csproj", "{9944C38C-F9C0-4836-AD29-FCFF46B99C82}"
EndProject
Global
	GlobalSection(SolutionConfigurationPlatforms) = preSolution
		Debug|Any CPU = Debug|Any CPU
		Release|Any CPU = Release|Any CPU
	EndGlobalSection
	GlobalSection(ProjectConfigurationPlatforms) = postSolution
		{9944C38C-F9C0-4836-AD29-FCFF46B99C82}.Debug|Any CPU.ActiveCfg = Debug|Any CPU
		{9944C38C-F9C0-4836-AD29-FCFF46B99C82}.Debug|Any CPU.Build.0 = Debug|Any CPU
		{9944C38C-F9C0-4836-AD29-FCFF46B99C82}.Release|Any CPU.ActiveCfg = Release|Any CPU
		{9944C38C-F9C0-4836-AD29-FCFF46B99C82}.Release|Any CPU.Build.0 = Release|Any CPU
	EndGlobalSection
	GlobalSection(SolutionProperties) = preSolution
		HideSolutionNode = FALSE
	EndGlobalSection
	GlobalSection(ExtensibilityGlobals) = postSolution
		SolutionGuid = {0C5DA943-54A2-4356-B216-85C031BAEC28}
	EndGlobalSection
EndGlobal
